// !$*UTF8*$!
{
	archiveVersion = 1;
	classes = {
	};
	objectVersion = 45;
	objects = {

/* Begin PBXBuildFile section */
		1DDD58160DA1D0A300B32029 /* MainMenu.xib in Resources */ = {isa = PBXBuildFile; fileRef = 1DDD58140DA1D0A300B32029 /* MainMenu.xib */; };
		8D11072B0486CEB800E47090 /* InfoPlist.strings in Resources */ = {isa = PBXBuildFile; fileRef = 089C165CFE840E0CC02AAC07 /* InfoPlist.strings */; };
		8D11072D0486CEB800E47090 /* main.m in Sources */ = {isa = PBXBuildFile; fileRef = 29B97316FDCFA39411CA2CEA /* main.m */; settings = {ATTRIBUTES = (); }; };
		8D11072F0486CEB800E47090 /* Cocoa.framework in Frameworks */ = {isa = PBXBuildFile; fileRef = 1058C7A1FEA54F0111CA2CBB /* Cocoa.framework */; };
		99604D0C0FE15ECD008769D4 /* AdvancedMenu.xib in Resources */ = {isa = PBXBuildFile; fileRef = 99604D0B0FE15ECD008769D4 /* AdvancedMenu.xib */; };
		99604D1C0FE16026008769D4 /* AdvMenuController.m in Sources */ = {isa = PBXBuildFile; fileRef = 99604D1B0FE16026008769D4 /* AdvMenuController.m */; };
		99604D420FE1617B008769D4 /* MainMenuController.m in Sources */ = {isa = PBXBuildFile; fileRef = 99604D410FE1617B008769D4 /* MainMenuController.m */; };
		99805F2E0FCC7B2F002E243B /* Connection.m in Sources */ = {isa = PBXBuildFile; fileRef = 99805F2D0FCC7B2F002E243B /* Connection.m */; };
		999911910FEBFD9800DE1431 /* ConnectionsDB.m in Sources */ = {isa = PBXBuildFile; fileRef = 999911900FEBFD9800DE1431 /* ConnectionsDB.m */; };
		99C02D2310053A0100179127 /* HelperTool in CopyFiles */ = {isa = PBXBuildFile; fileRef = 99C02D171005396400179127 /* HelperTool */; };
		99C02D2510053A1500179127 /* InstallTool in CopyFiles */ = {isa = PBXBuildFile; fileRef = 99C02D101005395700179127 /* InstallTool */; };
		99C02D3B10053B2300179127 /* BetterAuthorizationSampleLib.c in Sources */ = {isa = PBXBuildFile; fileRef = 99C02D3A10053B2300179127 /* BetterAuthorizationSampleLib.c */; };
		99C02D3C10053B2300179127 /* BetterAuthorizationSampleLib.c in Sources */ = {isa = PBXBuildFile; fileRef = 99C02D3A10053B2300179127 /* BetterAuthorizationSampleLib.c */; };
		99C02D4410053B7300179127 /* BetterAuthorizationSampleLibInstallTool.c in Sources */ = {isa = PBXBuildFile; fileRef = 99C02D4310053B7300179127 /* BetterAuthorizationSampleLibInstallTool.c */; };
		99C02D4810053BE000179127 /* Common.c in Sources */ = {isa = PBXBuildFile; fileRef = 99C02D4710053BE000179127 /* Common.c */; };
		99C02D4910053BE000179127 /* Common.c in Sources */ = {isa = PBXBuildFile; fileRef = 99C02D4710053BE000179127 /* Common.c */; };
		99C02D5D1005480000179127 /* AuthorizationPrompt.strings in Resources */ = {isa = PBXBuildFile; fileRef = 99C02D5B1005480000179127 /* AuthorizationPrompt.strings */; };
		99C2E30C0F95FE9F00AA9274 /* APPL.icns in Resources */ = {isa = PBXBuildFile; fileRef = 99C2E30B0F95FE9F00AA9274 /* APPL.icns */; };
		99CF0BC01006530D001EBC90 /* HelperTool.c in Sources */ = {isa = PBXBuildFile; fileRef = 99CF0BBF1006530D001EBC90 /* HelperTool.c */; };
		99CF0BC210065B41001EBC90 /* HelperTool.c in Sources */ = {isa = PBXBuildFile; fileRef = 99CF0BBF1006530D001EBC90 /* HelperTool.c */; };
		99E671E00FFBC78C00C5AECE /* Growl-WithInstaller.framework in Frameworks */ = {isa = PBXBuildFile; fileRef = 99E671DF0FFBC78C00C5AECE /* Growl-WithInstaller.framework */; };
		99E671EF0FFBC83C00C5AECE /* Growl-WithInstaller.framework in CopyFiles */ = {isa = PBXBuildFile; fileRef = 99E671DF0FFBC78C00C5AECE /* Growl-WithInstaller.framework */; };
		99FBA11B0FE13F540038B2EE /* PreferenceController.m in Sources */ = {isa = PBXBuildFile; fileRef = 99FBA11A0FE13F540038B2EE /* PreferenceController.m */; };
		99FBA11F0FE13F980038B2EE /* Preferences.xib in Resources */ = {isa = PBXBuildFile; fileRef = 99FBA11E0FE13F980038B2EE /* Preferences.xib */; };
/* End PBXBuildFile section */

/* Begin PBXContainerItemProxy section */
		99C02D1B1005398000179127 /* PBXContainerItemProxy */ = {
			isa = PBXContainerItemProxy;
			containerPortal = 29B97313FDCFA39411CA2CEA /* Project object */;
			proxyType = 1;
			remoteGlobalIDString = 99C02D0F1005395700179127;
			remoteInfo = InstallTool;
		};
		99C02D1D1005398200179127 /* PBXContainerItemProxy */ = {
			isa = PBXContainerItemProxy;
			containerPortal = 29B97313FDCFA39411CA2CEA /* Project object */;
			proxyType = 1;
			remoteGlobalIDString = 99C02D161005396400179127;
			remoteInfo = HelperTool;
		};
/* End PBXContainerItemProxy section */

/* Begin PBXCopyFilesBuildPhase section */
		99C02D22100539E400179127 /* CopyFiles */ = {
			isa = PBXCopyFilesBuildPhase;
			buildActionMask = 2147483647;
			dstPath = "";
			dstSubfolderSpec = 6;
			files = (
				99C02D2510053A1500179127 /* InstallTool in CopyFiles */,
				99C02D2310053A0100179127 /* HelperTool in CopyFiles */,
			);
			runOnlyForDeploymentPostprocessing = 0;
		};
		99E671F90FFBC84B00C5AECE /* CopyFiles */ = {
			isa = PBXCopyFilesBuildPhase;
			buildActionMask = 2147483647;
			dstPath = "";
			dstSubfolderSpec = 10;
			files = (
				99E671EF0FFBC83C00C5AECE /* Growl-WithInstaller.framework in CopyFiles */,
			);
			runOnlyForDeploymentPostprocessing = 0;
		};
/* End PBXCopyFilesBuildPhase section */

/* Begin PBXFileReference section */
		089C165DFE840E0CC02AAC07 /* English */ = {isa = PBXFileReference; fileEncoding = 10; lastKnownFileType = text.plist.strings; name = English; path = English.lproj/InfoPlist.strings; sourceTree = "<group>"; };
		1058C7A1FEA54F0111CA2CBB /* Cocoa.framework */ = {isa = PBXFileReference; lastKnownFileType = wrapper.framework; name = Cocoa.framework; path = /System/Library/Frameworks/Cocoa.framework; sourceTree = "<absolute>"; };
		13E42FB307B3F0F600E4EEF1 /* CoreData.framework */ = {isa = PBXFileReference; lastKnownFileType = wrapper.framework; name = CoreData.framework; path = /System/Library/Frameworks/CoreData.framework; sourceTree = "<absolute>"; };
		1DDD58150DA1D0A300B32029 /* English */ = {isa = PBXFileReference; lastKnownFileType = file.xib; name = English; path = English.lproj/MainMenu.xib; sourceTree = "<group>"; };
		29B97316FDCFA39411CA2CEA /* main.m */ = {isa = PBXFileReference; fileEncoding = 4; lastKnownFileType = sourcecode.c.objc; path = main.m; sourceTree = "<group>"; };
		29B97324FDCFA39411CA2CEA /* AppKit.framework */ = {isa = PBXFileReference; lastKnownFileType = wrapper.framework; name = AppKit.framework; path = /System/Library/Frameworks/AppKit.framework; sourceTree = "<absolute>"; };
		29B97325FDCFA39411CA2CEA /* Foundation.framework */ = {isa = PBXFileReference; lastKnownFileType = wrapper.framework; name = Foundation.framework; path = /System/Library/Frameworks/Foundation.framework; sourceTree = "<absolute>"; };
		32CA4F630368D1EE00C91783 /* Openswan_Prefix.pch */ = {isa = PBXFileReference; fileEncoding = 4; lastKnownFileType = sourcecode.c.h; path = Openswan_Prefix.pch; sourceTree = "<group>"; };
		8D1107310486CEB800E47090 /* Info.plist */ = {isa = PBXFileReference; fileEncoding = 4; lastKnownFileType = text.plist.xml; path = Info.plist; sourceTree = "<group>"; };
		8D1107320486CEB800E47090 /* Openswan.app */ = {isa = PBXFileReference; explicitFileType = wrapper.application; includeInIndex = 0; path = Openswan.app; sourceTree = BUILT_PRODUCTS_DIR; };
		99604D0B0FE15ECD008769D4 /* AdvancedMenu.xib */ = {isa = PBXFileReference; lastKnownFileType = file.xib; path = AdvancedMenu.xib; sourceTree = SOURCE_ROOT; };
		99604D1A0FE16026008769D4 /* AdvMenuController.h */ = {isa = PBXFileReference; fileEncoding = 4; lastKnownFileType = sourcecode.c.h; path = AdvMenuController.h; sourceTree = SOURCE_ROOT; };
		99604D1B0FE16026008769D4 /* AdvMenuController.m */ = {isa = PBXFileReference; fileEncoding = 4; lastKnownFileType = sourcecode.c.objc; path = AdvMenuController.m; sourceTree = SOURCE_ROOT; };
		99604D400FE1617B008769D4 /* MainMenuController.h */ = {isa = PBXFileReference; fileEncoding = 4; lastKnownFileType = sourcecode.c.h; path = MainMenuController.h; sourceTree = SOURCE_ROOT; };
		99604D410FE1617B008769D4 /* MainMenuController.m */ = {isa = PBXFileReference; fileEncoding = 4; lastKnownFileType = sourcecode.c.objc; path = MainMenuController.m; sourceTree = SOURCE_ROOT; };
		99805F2C0FCC7B2F002E243B /* Connection.h */ = {isa = PBXFileReference; fileEncoding = 4; lastKnownFileType = sourcecode.c.h; path = Connection.h; sourceTree = SOURCE_ROOT; };
		99805F2D0FCC7B2F002E243B /* Connection.m */ = {isa = PBXFileReference; fileEncoding = 4; lastKnownFileType = sourcecode.c.objc; path = Connection.m; sourceTree = SOURCE_ROOT; };
		9999118F0FEBFD9800DE1431 /* ConnectionsDB.h */ = {isa = PBXFileReference; fileEncoding = 4; lastKnownFileType = sourcecode.c.h; path = ConnectionsDB.h; sourceTree = SOURCE_ROOT; };
		999911900FEBFD9800DE1431 /* ConnectionsDB.m */ = {isa = PBXFileReference; fileEncoding = 4; lastKnownFileType = sourcecode.c.objc; path = ConnectionsDB.m; sourceTree = SOURCE_ROOT; };
		99C02D101005395700179127 /* InstallTool */ = {isa = PBXFileReference; explicitFileType = "compiled.mach-o.executable"; includeInIndex = 0; path = InstallTool; sourceTree = BUILT_PRODUCTS_DIR; };
		99C02D171005396400179127 /* HelperTool */ = {isa = PBXFileReference; explicitFileType = "compiled.mach-o.executable"; includeInIndex = 0; path = HelperTool; sourceTree = BUILT_PRODUCTS_DIR; };
		99C02D3A10053B2300179127 /* BetterAuthorizationSampleLib.c */ = {isa = PBXFileReference; fileEncoding = 4; lastKnownFileType = sourcecode.c.c; path = BetterAuthorizationSampleLib.c; sourceTree = SOURCE_ROOT; };
		99C02D4310053B7300179127 /* BetterAuthorizationSampleLibInstallTool.c */ = {isa = PBXFileReference; fileEncoding = 4; lastKnownFileType = sourcecode.c.c; path = BetterAuthorizationSampleLibInstallTool.c; sourceTree = SOURCE_ROOT; };
		99C02D4510053B8800179127 /* BetterAuthorizationSampleLib.h */ = {isa = PBXFileReference; fileEncoding = 4; lastKnownFileType = sourcecode.c.h; path = BetterAuthorizationSampleLib.h; sourceTree = SOURCE_ROOT; };
		99C02D4610053BE000179127 /* Common.h */ = {isa = PBXFileReference; fileEncoding = 4; lastKnownFileType = sourcecode.c.h; path = Common.h; sourceTree = SOURCE_ROOT; };
		99C02D4710053BE000179127 /* Common.c */ = {isa = PBXFileReference; fileEncoding = 4; lastKnownFileType = sourcecode.c.c; path = Common.c; sourceTree = SOURCE_ROOT; };
		99C02D5C1005480000179127 /* en */ = {isa = PBXFileReference; fileEncoding = 4; lastKnownFileType = text.plist.strings; name = en; path = en.lproj/AuthorizationPrompt.strings; sourceTree = SOURCE_ROOT; };
		99C2E30B0F95FE9F00AA9274 /* APPL.icns */ = {isa = PBXFileReference; lastKnownFileType = image.icns; path = APPL.icns; sourceTree = "<group>"; };
		99CF0BBF1006530D001EBC90 /* HelperTool.c */ = {isa = PBXFileReference; fileEncoding = 4; lastKnownFileType = sourcecode.c.c; path = HelperTool.c; sourceTree = SOURCE_ROOT; };
		99E671DF0FFBC78C00C5AECE /* Growl-WithInstaller.framework */ = {isa = PBXFileReference; lastKnownFileType = wrapper.framework; path = "Growl-WithInstaller.framework"; sourceTree = SOURCE_ROOT; };
		99FBA1190FE13F540038B2EE /* PreferenceController.h */ = {isa = PBXFileReference; fileEncoding = 4; lastKnownFileType = sourcecode.c.h; path = PreferenceController.h; sourceTree = SOURCE_ROOT; };
		99FBA11A0FE13F540038B2EE /* PreferenceController.m */ = {isa = PBXFileReference; fileEncoding = 4; lastKnownFileType = sourcecode.c.objc; path = PreferenceController.m; sourceTree = SOURCE_ROOT; };
		99FBA11E0FE13F980038B2EE /* Preferences.xib */ = {isa = PBXFileReference; lastKnownFileType = file.xib; path = Preferences.xib; sourceTree = SOURCE_ROOT; };
/* End PBXFileReference section */

/* Begin PBXFrameworksBuildPhase section */
		8D11072E0486CEB800E47090 /* Frameworks */ = {
			isa = PBXFrameworksBuildPhase;
			buildActionMask = 2147483647;
			files = (
				8D11072F0486CEB800E47090 /* Cocoa.framework in Frameworks */,
				99E671E00FFBC78C00C5AECE /* Growl-WithInstaller.framework in Frameworks */,
			);
			runOnlyForDeploymentPostprocessing = 0;
		};
		99C02D0E1005395700179127 /* Frameworks */ = {
			isa = PBXFrameworksBuildPhase;
			buildActionMask = 2147483647;
			files = (
			);
			runOnlyForDeploymentPostprocessing = 0;
		};
		99C02D151005396400179127 /* Frameworks */ = {
			isa = PBXFrameworksBuildPhase;
			buildActionMask = 2147483647;
			files = (
			);
			runOnlyForDeploymentPostprocessing = 0;
		};
/* End PBXFrameworksBuildPhase section */

/* Begin PBXGroup section */
		080E96DDFE201D6D7F000001 /* Classes */ = {
			isa = PBXGroup;
			children = (
				99805F2C0FCC7B2F002E243B /* Connection.h */,
				99805F2D0FCC7B2F002E243B /* Connection.m */,
				99FBA1190FE13F540038B2EE /* PreferenceController.h */,
				99FBA11A0FE13F540038B2EE /* PreferenceController.m */,
				99604D1A0FE16026008769D4 /* AdvMenuController.h */,
				99604D1B0FE16026008769D4 /* AdvMenuController.m */,
				99604D400FE1617B008769D4 /* MainMenuController.h */,
				99604D410FE1617B008769D4 /* MainMenuController.m */,
				9999118F0FEBFD9800DE1431 /* ConnectionsDB.h */,
				999911900FEBFD9800DE1431 /* ConnectionsDB.m */,
			);
			name = Classes;
			sourceTree = "<group>";
		};
		1058C7A0FEA54F0111CA2CBB /* Linked Frameworks */ = {
			isa = PBXGroup;
			children = (
				1058C7A1FEA54F0111CA2CBB /* Cocoa.framework */,
			);
			name = "Linked Frameworks";
			sourceTree = "<group>";
		};
		1058C7A2FEA54F0111CA2CBB /* Other Frameworks */ = {
			isa = PBXGroup;
			children = (
				29B97324FDCFA39411CA2CEA /* AppKit.framework */,
				13E42FB307B3F0F600E4EEF1 /* CoreData.framework */,
				29B97325FDCFA39411CA2CEA /* Foundation.framework */,
			);
			name = "Other Frameworks";
			sourceTree = "<group>";
		};
		19C28FACFE9D520D11CA2CBB /* Products */ = {
			isa = PBXGroup;
			children = (
				8D1107320486CEB800E47090 /* Openswan.app */,
				99C02D101005395700179127 /* InstallTool */,
				99C02D171005396400179127 /* HelperTool */,
			);
			name = Products;
			sourceTree = "<group>";
		};
		29B97314FDCFA39411CA2CEA /* Openswan */ = {
			isa = PBXGroup;
			children = (
				99C2E30B0F95FE9F00AA9274 /* APPL.icns */,
				99C02D3E10053B4900179127 /* HelperTool */,
				080E96DDFE201D6D7F000001 /* Classes */,
				29B97315FDCFA39411CA2CEA /* Other Sources */,
				29B97317FDCFA39411CA2CEA /* Resources */,
				29B97323FDCFA39411CA2CEA /* Frameworks */,
				19C28FACFE9D520D11CA2CBB /* Products */,
			);
			name = Openswan;
			sourceTree = "<group>";
		};
		29B97315FDCFA39411CA2CEA /* Other Sources */ = {
			isa = PBXGroup;
			children = (
				32CA4F630368D1EE00C91783 /* Openswan_Prefix.pch */,
				29B97316FDCFA39411CA2CEA /* main.m */,
			);
			name = "Other Sources";
			sourceTree = "<group>";
		};
		29B97317FDCFA39411CA2CEA /* Resources */ = {
			isa = PBXGroup;
			children = (
				99FBA11E0FE13F980038B2EE /* Preferences.xib */,
				8D1107310486CEB800E47090 /* Info.plist */,
				089C165CFE840E0CC02AAC07 /* InfoPlist.strings */,
				1DDD58140DA1D0A300B32029 /* MainMenu.xib */,
				99604D0B0FE15ECD008769D4 /* AdvancedMenu.xib */,
			);
			name = Resources;
			sourceTree = "<group>";
		};
		29B97323FDCFA39411CA2CEA /* Frameworks */ = {
			isa = PBXGroup;
			children = (
				99E671DF0FFBC78C00C5AECE /* Growl-WithInstaller.framework */,
				1058C7A0FEA54F0111CA2CBB /* Linked Frameworks */,
				1058C7A2FEA54F0111CA2CBB /* Other Frameworks */,
			);
			name = Frameworks;
			sourceTree = "<group>";
		};
		99C02D3E10053B4900179127 /* HelperTool */ = {
			isa = PBXGroup;
			children = (
				99C02D4510053B8800179127 /* BetterAuthorizationSampleLib.h */,
				99C02D4310053B7300179127 /* BetterAuthorizationSampleLibInstallTool.c */,
				99C02D3A10053B2300179127 /* BetterAuthorizationSampleLib.c */,
				99C02D4610053BE000179127 /* Common.h */,
				99C02D4710053BE000179127 /* Common.c */,
				99C02D5B1005480000179127 /* AuthorizationPrompt.strings */,
				99CF0BBF1006530D001EBC90 /* HelperTool.c */,
			);
			name = HelperTool;
			sourceTree = "<group>";
		};
/* End PBXGroup section */

/* Begin PBXNativeTarget section */
		8D1107260486CEB800E47090 /* Openswan */ = {
			isa = PBXNativeTarget;
			buildConfigurationList = C01FCF4A08A954540054247B /* Build configuration list for PBXNativeTarget "Openswan" */;
			buildPhases = (
				8D1107290486CEB800E47090 /* Resources */,
				8D11072C0486CEB800E47090 /* Sources */,
				8D11072E0486CEB800E47090 /* Frameworks */,
				99E671F90FFBC84B00C5AECE /* CopyFiles */,
				99C02D22100539E400179127 /* CopyFiles */,
			);
			buildRules = (
			);
			dependencies = (
				99C02D1C1005398000179127 /* PBXTargetDependency */,
				99C02D1E1005398200179127 /* PBXTargetDependency */,
			);
			name = Openswan;
			productInstallPath = "$(HOME)/Applications";
			productName = Openswan;
			productReference = 8D1107320486CEB800E47090 /* Openswan.app */;
			productType = "com.apple.product-type.application";
		};
		99C02D0F1005395700179127 /* InstallTool */ = {
			isa = PBXNativeTarget;
			buildConfigurationList = 99C02D1F100539A000179127 /* Build configuration list for PBXNativeTarget "InstallTool" */;
			buildPhases = (
				99C02D0D1005395700179127 /* Sources */,
				99C02D0E1005395700179127 /* Frameworks */,
			);
			buildRules = (
			);
			dependencies = (
			);
			name = InstallTool;
			productName = InstallTool;
			productReference = 99C02D101005395700179127 /* InstallTool */;
			productType = "com.apple.product-type.tool";
		};
		99C02D161005396400179127 /* HelperTool */ = {
			isa = PBXNativeTarget;
			buildConfigurationList = 99C02D20100539A000179127 /* Build configuration list for PBXNativeTarget "HelperTool" */;
			buildPhases = (
				99C02D141005396400179127 /* Sources */,
				99C02D151005396400179127 /* Frameworks */,
			);
			buildRules = (
			);
			dependencies = (
			);
			name = HelperTool;
			productName = HelperTool;
			productReference = 99C02D171005396400179127 /* HelperTool */;
			productType = "com.apple.product-type.tool";
		};
/* End PBXNativeTarget section */

/* Begin PBXProject section */
		29B97313FDCFA39411CA2CEA /* Project object */ = {
			isa = PBXProject;
			buildConfigurationList = C01FCF4E08A954540054247B /* Build configuration list for PBXProject "Openswan" */;
			compatibilityVersion = "Xcode 3.1";
			hasScannedForEncodings = 1;
			knownRegions = (
				English,
				Japanese,
				French,
				German,
				en,
			);
			mainGroup = 29B97314FDCFA39411CA2CEA /* Openswan */;
			projectDirPath = "";
			projectRoot = "";
			targets = (
				8D1107260486CEB800E47090 /* Openswan */,
				99C02D0F1005395700179127 /* InstallTool */,
				99C02D161005396400179127 /* HelperTool */,
			);
		};
/* End PBXProject section */

/* Begin PBXResourcesBuildPhase section */
		8D1107290486CEB800E47090 /* Resources */ = {
			isa = PBXResourcesBuildPhase;
			buildActionMask = 2147483647;
			files = (
				8D11072B0486CEB800E47090 /* InfoPlist.strings in Resources */,
				1DDD58160DA1D0A300B32029 /* MainMenu.xib in Resources */,
				99C2E30C0F95FE9F00AA9274 /* APPL.icns in Resources */,
				99FBA11F0FE13F980038B2EE /* Preferences.xib in Resources */,
				99604D0C0FE15ECD008769D4 /* AdvancedMenu.xib in Resources */,
				99C02D5D1005480000179127 /* AuthorizationPrompt.strings in Resources */,
			);
			runOnlyForDeploymentPostprocessing = 0;
		};
/* End PBXResourcesBuildPhase section */

/* Begin PBXSourcesBuildPhase section */
		8D11072C0486CEB800E47090 /* Sources */ = {
			isa = PBXSourcesBuildPhase;
			buildActionMask = 2147483647;
			files = (
				8D11072D0486CEB800E47090 /* main.m in Sources */,
				99805F2E0FCC7B2F002E243B /* Connection.m in Sources */,
				99FBA11B0FE13F540038B2EE /* PreferenceController.m in Sources */,
				99604D1C0FE16026008769D4 /* AdvMenuController.m in Sources */,
				99604D420FE1617B008769D4 /* MainMenuController.m in Sources */,
				999911910FEBFD9800DE1431 /* ConnectionsDB.m in Sources */,
				99C02D3B10053B2300179127 /* BetterAuthorizationSampleLib.c in Sources */,
				99C02D4810053BE000179127 /* Common.c in Sources */,
				99CF0BC01006530D001EBC90 /* HelperTool.c in Sources */,
			);
			runOnlyForDeploymentPostprocessing = 0;
		};
		99C02D0D1005395700179127 /* Sources */ = {
			isa = PBXSourcesBuildPhase;
			buildActionMask = 2147483647;
			files = (
				99C02D4410053B7300179127 /* BetterAuthorizationSampleLibInstallTool.c in Sources */,
			);
			runOnlyForDeploymentPostprocessing = 0;
		};
		99C02D141005396400179127 /* Sources */ = {
			isa = PBXSourcesBuildPhase;
			buildActionMask = 2147483647;
			files = (
				99CF0BC210065B41001EBC90 /* HelperTool.c in Sources */,
				99C02D3C10053B2300179127 /* BetterAuthorizationSampleLib.c in Sources */,
				99C02D4910053BE000179127 /* Common.c in Sources */,
			);
			runOnlyForDeploymentPostprocessing = 0;
		};
/* End PBXSourcesBuildPhase section */

/* Begin PBXTargetDependency section */
		99C02D1C1005398000179127 /* PBXTargetDependency */ = {
			isa = PBXTargetDependency;
			target = 99C02D0F1005395700179127 /* InstallTool */;
			targetProxy = 99C02D1B1005398000179127 /* PBXContainerItemProxy */;
		};
		99C02D1E1005398200179127 /* PBXTargetDependency */ = {
			isa = PBXTargetDependency;
			target = 99C02D161005396400179127 /* HelperTool */;
			targetProxy = 99C02D1D1005398200179127 /* PBXContainerItemProxy */;
		};
/* End PBXTargetDependency section */

/* Begin PBXVariantGroup section */
		089C165CFE840E0CC02AAC07 /* InfoPlist.strings */ = {
			isa = PBXVariantGroup;
			children = (
				089C165DFE840E0CC02AAC07 /* English */,
			);
			name = InfoPlist.strings;
			sourceTree = "<group>";
		};
		1DDD58140DA1D0A300B32029 /* MainMenu.xib */ = {
			isa = PBXVariantGroup;
			children = (
				1DDD58150DA1D0A300B32029 /* English */,
			);
			name = MainMenu.xib;
			sourceTree = "<group>";
		};
		99C02D5B1005480000179127 /* AuthorizationPrompt.strings */ = {
			isa = PBXVariantGroup;
			children = (
				99C02D5C1005480000179127 /* en */,
			);
			name = AuthorizationPrompt.strings;
			path = en.lproj;
			sourceTree = "<group>";
		};
/* End PBXVariantGroup section */

/* Begin XCBuildConfiguration section */
		99C02D121005395800179127 /* Debug */ = {
			isa = XCBuildConfiguration;
			buildSettings = {
				ALWAYS_SEARCH_USER_PATHS = NO;
				COPY_PHASE_STRIP = NO;
				GCC_DYNAMIC_NO_PIC = NO;
				GCC_ENABLE_FIX_AND_CONTINUE = YES;
				GCC_MODEL_TUNING = G5;
				GCC_OPTIMIZATION_LEVEL = 0;
				INSTALL_PATH = /usr/local/bin;
				PREBINDING = NO;
				PRODUCT_NAME = InstallTool;
			};
			name = Debug;
		};
		99C02D131005395800179127 /* Release */ = {
			isa = XCBuildConfiguration;
			buildSettings = {
				ALWAYS_SEARCH_USER_PATHS = NO;
				COPY_PHASE_STRIP = YES;
				DEBUG_INFORMATION_FORMAT = "dwarf-with-dsym";
				GCC_ENABLE_FIX_AND_CONTINUE = NO;
				GCC_MODEL_TUNING = G5;
				INSTALL_PATH = /usr/local/bin;
				PREBINDING = NO;
				PRODUCT_NAME = InstallTool;
				ZERO_LINK = NO;
			};
			name = Release;
		};
		99C02D191005396500179127 /* Debug */ = {
			isa = XCBuildConfiguration;
			buildSettings = {
				ALWAYS_SEARCH_USER_PATHS = NO;
				COPY_PHASE_STRIP = NO;
				GCC_DYNAMIC_NO_PIC = NO;
				GCC_ENABLE_FIX_AND_CONTINUE = YES;
				GCC_MODEL_TUNING = G5;
				GCC_OPTIMIZATION_LEVEL = 0;
				INSTALL_PATH = /usr/local/bin;
				PREBINDING = NO;
				PRODUCT_NAME = HelperTool;
			};
			name = Debug;
		};
		99C02D1A1005396500179127 /* Release */ = {
			isa = XCBuildConfiguration;
			buildSettings = {
				ALWAYS_SEARCH_USER_PATHS = NO;
				COPY_PHASE_STRIP = YES;
				DEBUG_INFORMATION_FORMAT = "dwarf-with-dsym";
				GCC_ENABLE_FIX_AND_CONTINUE = NO;
				GCC_MODEL_TUNING = G5;
				INSTALL_PATH = /usr/local/bin;
				PREBINDING = NO;
				PRODUCT_NAME = HelperTool;
				ZERO_LINK = NO;
			};
			name = Release;
		};
		C01FCF4B08A954540054247B /* Debug */ = {
			isa = XCBuildConfiguration;
			buildSettings = {
				ALWAYS_SEARCH_USER_PATHS = NO;
				COPY_PHASE_STRIP = NO;
				FRAMEWORK_SEARCH_PATHS = (
					"$(inherited)",
					"\"/Volumes/Growl 1.1.5 SDK/Frameworks\"",
					"\"$(DEVELOPER_DIR)/Xelerance/openswan.gsoc/osxApp\"",
				);
				GCC_DYNAMIC_NO_PIC = NO;
				GCC_ENABLE_FIX_AND_CONTINUE = YES;
				GCC_MODEL_TUNING = G5;
				GCC_OPTIMIZATION_LEVEL = 0;
				GCC_PRECOMPILE_PREFIX_HEADER = YES;
				GCC_PREFIX_HEADER = Openswan_Prefix.pch;
				INFOPLIST_FILE = Info.plist;
				INSTALL_PATH = "$(HOME)/Applications";
				PRODUCT_NAME = Openswan;
			};
			name = Debug;
		};
		C01FCF4C08A954540054247B /* Release */ = {
			isa = XCBuildConfiguration;
			buildSettings = {
				ALWAYS_SEARCH_USER_PATHS = NO;
				DEBUG_INFORMATION_FORMAT = "dwarf-with-dsym";
				FRAMEWORK_SEARCH_PATHS = (
					"$(inherited)",
					"\"/Volumes/Growl 1.1.5 SDK/Frameworks\"",
					"\"$(DEVELOPER_DIR)/Xelerance/openswan.gsoc/osxApp\"",
				);
				GCC_MODEL_TUNING = G5;
				GCC_PRECOMPILE_PREFIX_HEADER = YES;
				GCC_PREFIX_HEADER = Openswan_Prefix.pch;
				INFOPLIST_FILE = Info.plist;
				INSTALL_PATH = "$(HOME)/Applications";
				PRODUCT_NAME = Openswan;
			};
			name = Release;
		};
		C01FCF4F08A954540054247B /* Debug */ = {
			isa = XCBuildConfiguration;
			buildSettings = {
				ARCHS = "$(ARCHS_STANDARD_32_BIT)";
				GCC_C_LANGUAGE_STANDARD = c99;
				GCC_OPTIMIZATION_LEVEL = 0;
				GCC_WARN_ABOUT_RETURN_TYPE = YES;
				GCC_WARN_UNUSED_VARIABLE = YES;
				ONLY_ACTIVE_ARCH = YES;
				PREBINDING = NO;
				SDKROOT = macosx10.5;
			};
			name = Debug;
		};
		C01FCF5008A954540054247B /* Release */ = {
			isa = XCBuildConfiguration;
			buildSettings = {
				ARCHS = "$(ARCHS_STANDARD_32_BIT)";
				GCC_C_LANGUAGE_STANDARD = c99;
				GCC_WARN_ABOUT_RETURN_TYPE = YES;
				GCC_WARN_UNUSED_VARIABLE = YES;
				PREBINDING = NO;
				SDKROOT = macosx10.5;
			};
			name = Release;
		};
/* End XCBuildConfiguration section */

/* Begin XCConfigurationList section */
		99C02D1F100539A000179127 /* Build configuration list for PBXNativeTarget "InstallTool" */ = {
			isa = XCConfigurationList;
			buildConfigurations = (
				99C02D121005395800179127 /* Debug */,
				99C02D131005395800179127 /* Release */,
			);
			defaultConfigurationIsVisible = 0;
			defaultConfigurationName = Release;
		};
		99C02D20100539A000179127 /* Build configuration list for PBXNativeTarget "HelperTool" */ = {
			isa = XCConfigurationList;
			buildConfigurations = (
				99C02D191005396500179127 /* Debug */,
				99C02D1A1005396500179127 /* Release */,
			);
			defaultConfigurationIsVisible = 0;
			defaultConfigurationName = Release;
		};
		C01FCF4A08A954540054247B /* Build configuration list for PBXNativeTarget "Openswan" */ = {
			isa = XCConfigurationList;
			buildConfigurations = (
				C01FCF4B08A954540054247B /* Debug */,
				C01FCF4C08A954540054247B /* Release */,
			);
			defaultConfigurationIsVisible = 0;
			defaultConfigurationName = Release;
		};
		C01FCF4E08A954540054247B /* Build configuration list for PBXProject "Openswan" */ = {
			isa = XCConfigurationList;
			buildConfigurations = (
				C01FCF4F08A954540054247B /* Debug */,
				C01FCF5008A954540054247B /* Release */,
			);
			defaultConfigurationIsVisible = 0;
			defaultConfigurationName = Release;
		};
/* End XCConfigurationList section */
	};
	rootObject = 29B97313FDCFA39411CA2CEA /* Project object */;
}
